
Microsoft Visual Studio Solution File, Format Version 12.00
# Visual Studio 15
VisualStudioVersion = 15.0.27004.2006
MinimumVisualStudioVersion = 10.0.40219.1
Project("{FAE04EC0-301F-11D3-BF4B-00C04F79EFBC}") = "ShoppingMall.WebUI", "ShoppingMall.WebUI\ShoppingMall.WebUI.csproj", "{7E0AA1CE-101E-4F7D-B1AC-298ABCC3EC90}"
EndProject
Project("{FAE04EC0-301F-11D3-BF4B-00C04F79EFBC}") = "ShoppingMall.Tests", "ShoppingMall.Tests\ShoppingMall.Tests.csproj", "{0914324C-ED37-4B8F-9065-357EAF9E72FB}"
EndProject
Global
	GlobalSection(SolutionConfigurationPlatforms) = preSolution
		Debug|Any CPU = Debug|Any CPU
		Release|Any CPU = Release|Any CPU
	EndGlobalSection
	GlobalSection(ProjectConfigurationPlatforms) = postSolution
		{7E0AA1CE-101E-4F7D-B1AC-298ABCC3EC90}.Debug|Any CPU.ActiveCfg = Debug|Any CPU
		{7E0AA1CE-101E-4F7D-B1AC-298ABCC3EC90}.Debug|Any CPU.Build.0 = Debug|Any CPU
		{7E0AA1CE-101E-4F7D-B1AC-298ABCC3EC90}.Release|Any CPU.ActiveCfg = Release|Any CPU
		{7E0AA1CE-101E-4F7D-B1AC-298ABCC3EC90}.Release|Any CPU.Build.0 = Release|Any CPU
		{0914324C-ED37-4B8F-9065-357EAF9E72FB}.Debug|Any CPU.ActiveCfg = Debug|Any CPU
		{0914324C-ED37-4B8F-9065-357EAF9E72FB}.Debug|Any CPU.Build.0 = Debug|Any CPU
		{0914324C-ED37-4B8F-9065-357EAF9E72FB}.Release|Any CPU.ActiveCfg = Release|Any CPU
		{0914324C-ED37-4B8F-9065-357EAF9E72FB}.Release|Any CPU.Build.0 = Release|Any CPU
	EndGlobalSection
	GlobalSection(SolutionProperties) = preSolution
		HideSolutionNode = FALSE
	EndGlobalSection
	GlobalSection(ExtensibilityGlobals) = postSolution
		SolutionGuid = {B5C1CE70-8C22-40F7-B11B-AD146485D3F1}
	EndGlobalSection
EndGlobal
